
Microsoft Visual Studio Solution File, Format Version 12.00
# Visual Studio Version 17
VisualStudioVersion = 17.3.32819.101
MinimumVisualStudioVersion = 10.0.40219.1
Project("{9A19103F-16F7-4668-BE54-9A1E7A4F7556}") = "MessageQueue.Task1.Common", "MessageQueue.Task1.Common\MessageQueue.Task1.Common.csproj", "{B59514B2-1F54-435A-A5AA-DC1C1D9D23D4}"
EndProject
Project("{9A19103F-16F7-4668-BE54-9A1E7A4F7556}") = "MessageQueue.Task1.MainProcessingService", "MessageQueue.Task1.MainProcessingService\MessageQueue.Task1.MainProcessingService.csproj", "{27F0062F-A174-41CB-86E1-C49762D0DA12}"
EndProject
Project("{9A19103F-16F7-4668-BE54-9A1E7A4F7556}") = "MessageQueue.Task1.DataCaptureService", "MessageQueue.Task1.DataCaptureService\MessageQueue.Task1.DataCaptureService.csproj", "{ACB335A9-CB04-4637-B137-9D8C40135CA1}"
EndProject
Project("{2150E333-8FDC-42A3-9474-1A3956D46DE8}") = "Solution Items", "Solution Items", "{3205E711-770B-4CAA-95AB-A804CD4F1324}"
	ProjectSection(SolutionItems) = preProject
		README.md = README.md
	EndProjectSection
EndProject
Global
	GlobalSection(SolutionConfigurationPlatforms) = preSolution
		Debug|Any CPU = Debug|Any CPU
		Release|Any CPU = Release|Any CPU
	EndGlobalSection
	GlobalSection(ProjectConfigurationPlatforms) = postSolution
		{B59514B2-1F54-435A-A5AA-DC1C1D9D23D4}.Debug|Any CPU.ActiveCfg = Debug|Any CPU
		{B59514B2-1F54-435A-A5AA-DC1C1D9D23D4}.Debug|Any CPU.Build.0 = Debug|Any CPU
		{B59514B2-1F54-435A-A5AA-DC1C1D9D23D4}.Release|Any CPU.ActiveCfg = Release|Any CPU
		{B59514B2-1F54-435A-A5AA-DC1C1D9D23D4}.Release|Any CPU.Build.0 = Release|Any CPU
		{27F0062F-A174-41CB-86E1-C49762D0DA12}.Debug|Any CPU.ActiveCfg = Debug|Any CPU
		{27F0062F-A174-41CB-86E1-C49762D0DA12}.Debug|Any CPU.Build.0 = Debug|Any CPU
		{27F0062F-A174-41CB-86E1-C49762D0DA12}.Release|Any CPU.ActiveCfg = Release|Any CPU
		{27F0062F-A174-41CB-86E1-C49762D0DA12}.Release|Any CPU.Build.0 = Release|Any CPU
		{ACB335A9-CB04-4637-B137-9D8C40135CA1}.Debug|Any CPU.ActiveCfg = Debug|Any CPU
		{ACB335A9-CB04-4637-B137-9D8C40135CA1}.Debug|Any CPU.Build.0 = Debug|Any CPU
		{ACB335A9-CB04-4637-B137-9D8C40135CA1}.Release|Any CPU.ActiveCfg = Release|Any CPU
		{ACB335A9-CB04-4637-B137-9D8C40135CA1}.Release|Any CPU.Build.0 = Release|Any CPU
	EndGlobalSection
	GlobalSection(SolutionProperties) = preSolution
		HideSolutionNode = FALSE
	EndGlobalSection
	GlobalSection(ExtensibilityGlobals) = postSolution
		SolutionGuid = {47279B7C-37EF-491F-8FF8-5586970DA06E}
	EndGlobalSection
EndGlobal
