
Microsoft Visual Studio Solution File, Format Version 12.00
# Visual Studio Version 17
VisualStudioVersion = 17.3.32819.101
MinimumVisualStudioVersion = 10.0.40219.1
Project("{FAE04EC0-301F-11D3-BF4B-00C04F79EFBC}") = "Task1", "Task1\Task1.csproj", "{69D68E4A-AFF4-43E0-BC1C-0F113EB2736C}"
EndProject
Global
	GlobalSection(SolutionConfigurationPlatforms) = preSolution
		Debug|Any CPU = Debug|Any CPU
		Release|Any CPU = Release|Any CPU
	EndGlobalSection
	GlobalSection(ProjectConfigurationPlatforms) = postSolution
		{69D68E4A-AFF4-43E0-BC1C-0F113EB2736C}.Debug|Any CPU.ActiveCfg = Debug|Any CPU
		{69D68E4A-AFF4-43E0-BC1C-0F113EB2736C}.Debug|Any CPU.Build.0 = Debug|Any CPU
		{69D68E4A-AFF4-43E0-BC1C-0F113EB2736C}.Release|Any CPU.ActiveCfg = Release|Any CPU
		{69D68E4A-AFF4-43E0-BC1C-0F113EB2736C}.Release|Any CPU.Build.0 = Release|Any CPU
	EndGlobalSection
	GlobalSection(SolutionProperties) = preSolution
		HideSolutionNode = FALSE
	EndGlobalSection
	GlobalSection(ExtensibilityGlobals) = postSolution
		SolutionGuid = {3AE49A56-5181-4C50-9FA7-8FE4EBF32CF5}
	EndGlobalSection
EndGlobal
