
Microsoft Visual Studio Solution File, Format Version 12.00
# Visual Studio Version 17
VisualStudioVersion = 17.3.32819.101
MinimumVisualStudioVersion = 10.0.40219.1
Project("{9A19103F-16F7-4668-BE54-9A1E7A4F7556}") = "MultiThreading.Task5.Threads.SharedCollection", "MultiThreading.Task5.Threads.SharedCollection\MultiThreading.Task5.Threads.SharedCollection.csproj", "{3F6E503A-3BD1-4117-803F-DE3A1D3D72EE}"
EndProject
Project("{9A19103F-16F7-4668-BE54-9A1E7A4F7556}") = "MultiThreading.Task6.Continuation", "MultiThreading.Task6.Continuation\MultiThreading.Task6.Continuation.csproj", "{5231083A-4936-4CC4-87FE-CFA228AA372D}"
EndProject
Project("{9A19103F-16F7-4668-BE54-9A1E7A4F7556}") = "MultiThreading.Task1.100Tasks", "MultiThreading.Task1.100Tasks\MultiThreading.Task1.100Tasks.csproj", "{5CC3D09B-1941-4C28-BDB8-A62BC6BF07B6}"
EndProject
Project("{9A19103F-16F7-4668-BE54-9A1E7A4F7556}") = "MultiThreading.Task2.Chaining", "MultiThreading.Task2.Chaining\MultiThreading.Task2.Chaining.csproj", "{0D02D53F-B27C-4185-9BE7-4C83E7783234}"
EndProject
Project("{9A19103F-16F7-4668-BE54-9A1E7A4F7556}") = "MultiThreading.Task3.MatrixMultiplier", "MultiThreading.Task3.Matrixes\MultiThreading.Task3.MatrixMultiplier.csproj", "{385391B2-1A7A-4DC7-863D-5A6A0D5400E3}"
EndProject
Project("{9A19103F-16F7-4668-BE54-9A1E7A4F7556}") = "MultiThreading.Task3.MatrixMultiplier.Tests", "MultiThreading.Task3.MatrixMultiplier.Tests\MultiThreading.Task3.MatrixMultiplier.Tests.csproj", "{10CB1471-FE3F-4A2E-8938-D7F1B5CEAA37}"
EndProject
Project("{9A19103F-16F7-4668-BE54-9A1E7A4F7556}") = "MultiThreading.Task4.Threads.Join", "MultiThreading.Task4.Threads.Join\MultiThreading.Task4.Threads.Join.csproj", "{3C9627BE-0041-493D-B2CA-C8CD6B4BB3F5}"
EndProject
Project("{2150E333-8FDC-42A3-9474-1A3956D46DE8}") = "OptionalTask", "OptionalTask", "{7EE4A9CF-00C3-41CB-87F8-44FC06AC76BB}"
EndProject
Project("{2150E333-8FDC-42A3-9474-1A3956D46DE8}") = "Task1", "Task1", "{04B60FD9-3A73-449D-80CF-ED02001B59C6}"
EndProject
Project("{FAE04EC0-301F-11D3-BF4B-00C04F79EFBC}") = "Client", "OptionalTask\Task1\Client\Client.csproj", "{BA026C28-E376-439E-BA71-276E255EDE0D}"
EndProject
Project("{FAE04EC0-301F-11D3-BF4B-00C04F79EFBC}") = "Server", "OptionalTask\Task1\Server\Server.csproj", "{6774CB0C-AE82-425E-B633-DCAED9B77B8F}"
EndProject
Project("{2150E333-8FDC-42A3-9474-1A3956D46DE8}") = "Task2", "Task2", "{5813A3BE-C8A7-4F62-BB57-6743EA749CB7}"
EndProject
Project("{FAE04EC0-301F-11D3-BF4B-00C04F79EFBC}") = "Client", "OptionalTask\Task2\Client\Client.csproj", "{5F72EC42-80E9-4D90-806C-12B4E7A3ABA6}"
EndProject
Project("{FAE04EC0-301F-11D3-BF4B-00C04F79EFBC}") = "Server", "OptionalTask\Task2\Server\Server.csproj", "{F2433550-A89A-4866-94A3-7F8A7306E5FE}"
EndProject
Global
	GlobalSection(SolutionConfigurationPlatforms) = preSolution
		Debug|Any CPU = Debug|Any CPU
		Release|Any CPU = Release|Any CPU
	EndGlobalSection
	GlobalSection(ProjectConfigurationPlatforms) = postSolution
		{3F6E503A-3BD1-4117-803F-DE3A1D3D72EE}.Debug|Any CPU.ActiveCfg = Debug|Any CPU
		{3F6E503A-3BD1-4117-803F-DE3A1D3D72EE}.Debug|Any CPU.Build.0 = Debug|Any CPU
		{3F6E503A-3BD1-4117-803F-DE3A1D3D72EE}.Release|Any CPU.ActiveCfg = Release|Any CPU
		{3F6E503A-3BD1-4117-803F-DE3A1D3D72EE}.Release|Any CPU.Build.0 = Release|Any CPU
		{5231083A-4936-4CC4-87FE-CFA228AA372D}.Debug|Any CPU.ActiveCfg = Debug|Any CPU
		{5231083A-4936-4CC4-87FE-CFA228AA372D}.Debug|Any CPU.Build.0 = Debug|Any CPU
		{5231083A-4936-4CC4-87FE-CFA228AA372D}.Release|Any CPU.ActiveCfg = Release|Any CPU
		{5231083A-4936-4CC4-87FE-CFA228AA372D}.Release|Any CPU.Build.0 = Release|Any CPU
		{5CC3D09B-1941-4C28-BDB8-A62BC6BF07B6}.Debug|Any CPU.ActiveCfg = Debug|Any CPU
		{5CC3D09B-1941-4C28-BDB8-A62BC6BF07B6}.Debug|Any CPU.Build.0 = Debug|Any CPU
		{5CC3D09B-1941-4C28-BDB8-A62BC6BF07B6}.Release|Any CPU.ActiveCfg = Release|Any CPU
		{5CC3D09B-1941-4C28-BDB8-A62BC6BF07B6}.Release|Any CPU.Build.0 = Release|Any CPU
		{0D02D53F-B27C-4185-9BE7-4C83E7783234}.Debug|Any CPU.ActiveCfg = Debug|Any CPU
		{0D02D53F-B27C-4185-9BE7-4C83E7783234}.Debug|Any CPU.Build.0 = Debug|Any CPU
		{0D02D53F-B27C-4185-9BE7-4C83E7783234}.Release|Any CPU.ActiveCfg = Release|Any CPU
		{0D02D53F-B27C-4185-9BE7-4C83E7783234}.Release|Any CPU.Build.0 = Release|Any CPU
		{385391B2-1A7A-4DC7-863D-5A6A0D5400E3}.Debug|Any CPU.ActiveCfg = Debug|Any CPU
		{385391B2-1A7A-4DC7-863D-5A6A0D5400E3}.Debug|Any CPU.Build.0 = Debug|Any CPU
		{385391B2-1A7A-4DC7-863D-5A6A0D5400E3}.Release|Any CPU.ActiveCfg = Release|Any CPU
		{385391B2-1A7A-4DC7-863D-5A6A0D5400E3}.Release|Any CPU.Build.0 = Release|Any CPU
		{10CB1471-FE3F-4A2E-8938-D7F1B5CEAA37}.Debug|Any CPU.ActiveCfg = Debug|Any CPU
		{10CB1471-FE3F-4A2E-8938-D7F1B5CEAA37}.Debug|Any CPU.Build.0 = Debug|Any CPU
		{10CB1471-FE3F-4A2E-8938-D7F1B5CEAA37}.Release|Any CPU.ActiveCfg = Release|Any CPU
		{10CB1471-FE3F-4A2E-8938-D7F1B5CEAA37}.Release|Any CPU.Build.0 = Release|Any CPU
		{3C9627BE-0041-493D-B2CA-C8CD6B4BB3F5}.Debug|Any CPU.ActiveCfg = Debug|Any CPU
		{3C9627BE-0041-493D-B2CA-C8CD6B4BB3F5}.Debug|Any CPU.Build.0 = Debug|Any CPU
		{3C9627BE-0041-493D-B2CA-C8CD6B4BB3F5}.Release|Any CPU.ActiveCfg = Release|Any CPU
		{3C9627BE-0041-493D-B2CA-C8CD6B4BB3F5}.Release|Any CPU.Build.0 = Release|Any CPU
		{BA026C28-E376-439E-BA71-276E255EDE0D}.Debug|Any CPU.ActiveCfg = Debug|Any CPU
		{BA026C28-E376-439E-BA71-276E255EDE0D}.Debug|Any CPU.Build.0 = Debug|Any CPU
		{BA026C28-E376-439E-BA71-276E255EDE0D}.Release|Any CPU.ActiveCfg = Release|Any CPU
		{BA026C28-E376-439E-BA71-276E255EDE0D}.Release|Any CPU.Build.0 = Release|Any CPU
		{6774CB0C-AE82-425E-B633-DCAED9B77B8F}.Debug|Any CPU.ActiveCfg = Debug|Any CPU
		{6774CB0C-AE82-425E-B633-DCAED9B77B8F}.Debug|Any CPU.Build.0 = Debug|Any CPU
		{6774CB0C-AE82-425E-B633-DCAED9B77B8F}.Release|Any CPU.ActiveCfg = Release|Any CPU
		{6774CB0C-AE82-425E-B633-DCAED9B77B8F}.Release|Any CPU.Build.0 = Release|Any CPU
		{5F72EC42-80E9-4D90-806C-12B4E7A3ABA6}.Debug|Any CPU.ActiveCfg = Debug|Any CPU
		{5F72EC42-80E9-4D90-806C-12B4E7A3ABA6}.Debug|Any CPU.Build.0 = Debug|Any CPU
		{5F72EC42-80E9-4D90-806C-12B4E7A3ABA6}.Release|Any CPU.ActiveCfg = Release|Any CPU
		{5F72EC42-80E9-4D90-806C-12B4E7A3ABA6}.Release|Any CPU.Build.0 = Release|Any CPU
		{F2433550-A89A-4866-94A3-7F8A7306E5FE}.Debug|Any CPU.ActiveCfg = Debug|Any CPU
		{F2433550-A89A-4866-94A3-7F8A7306E5FE}.Debug|Any CPU.Build.0 = Debug|Any CPU
		{F2433550-A89A-4866-94A3-7F8A7306E5FE}.Release|Any CPU.ActiveCfg = Release|Any CPU
		{F2433550-A89A-4866-94A3-7F8A7306E5FE}.Release|Any CPU.Build.0 = Release|Any CPU
	EndGlobalSection
	GlobalSection(SolutionProperties) = preSolution
		HideSolutionNode = FALSE
	EndGlobalSection
	GlobalSection(NestedProjects) = preSolution
		{04B60FD9-3A73-449D-80CF-ED02001B59C6} = {7EE4A9CF-00C3-41CB-87F8-44FC06AC76BB}
		{BA026C28-E376-439E-BA71-276E255EDE0D} = {04B60FD9-3A73-449D-80CF-ED02001B59C6}
		{6774CB0C-AE82-425E-B633-DCAED9B77B8F} = {04B60FD9-3A73-449D-80CF-ED02001B59C6}
		{5813A3BE-C8A7-4F62-BB57-6743EA749CB7} = {7EE4A9CF-00C3-41CB-87F8-44FC06AC76BB}
		{5F72EC42-80E9-4D90-806C-12B4E7A3ABA6} = {5813A3BE-C8A7-4F62-BB57-6743EA749CB7}
		{F2433550-A89A-4866-94A3-7F8A7306E5FE} = {5813A3BE-C8A7-4F62-BB57-6743EA749CB7}
	EndGlobalSection
	GlobalSection(ExtensibilityGlobals) = postSolution
		SolutionGuid = {C4B3ECA2-D9D4-486F-B3E2-40B614E3DBBB}
	EndGlobalSection
EndGlobal
